
Microsoft Visual Studio Solution File, Format Version 12.00
Project("{FAE04EC0-301F-11D3-BF4B-00C04F79EFBC}") = "DirectoryWatcher", "DirectoryWatcher\DirectoryWatcher.csproj", "{232ED2E7-8F81-4550-AE7C-3EA11F4E874B}"
EndProject
Global
	GlobalSection(SolutionConfigurationPlatforms) = preSolution
		Debug|Any CPU = Debug|Any CPU
		Release|Any CPU = Release|Any CPU
	EndGlobalSection
	GlobalSection(ProjectConfigurationPlatforms) = postSolution
		{232ED2E7-8F81-4550-AE7C-3EA11F4E874B}.Debug|Any CPU.ActiveCfg = Debug|Any CPU
		{232ED2E7-8F81-4550-AE7C-3EA11F4E874B}.Debug|Any CPU.Build.0 = Debug|Any CPU
		{232ED2E7-8F81-4550-AE7C-3EA11F4E874B}.Release|Any CPU.ActiveCfg = Release|Any CPU
		{232ED2E7-8F81-4550-AE7C-3EA11F4E874B}.Release|Any CPU.Build.0 = Release|Any CPU
	EndGlobalSection
EndGlobal
